
Microsoft Visual Studio Solution File, Format Version 12.00
Project("{FAE04EC0-301F-11D3-BF4B-00C04F79EFBC}") = "Delivery", "Delivery\Delivery.csproj", "{DFF36BD6-F698-4B1D-9CB8-01C9CBF9676F}"
EndProject
Global
	GlobalSection(SolutionConfigurationPlatforms) = preSolution
		Debug|Any CPU = Debug|Any CPU
		Release|Any CPU = Release|Any CPU
	EndGlobalSection
	GlobalSection(ProjectConfigurationPlatforms) = postSolution
		{DFF36BD6-F698-4B1D-9CB8-01C9CBF9676F}.Debug|Any CPU.ActiveCfg = Debug|Any CPU
		{DFF36BD6-F698-4B1D-9CB8-01C9CBF9676F}.Debug|Any CPU.Build.0 = Debug|Any CPU
		{DFF36BD6-F698-4B1D-9CB8-01C9CBF9676F}.Release|Any CPU.ActiveCfg = Release|Any CPU
		{DFF36BD6-F698-4B1D-9CB8-01C9CBF9676F}.Release|Any CPU.Build.0 = Release|Any CPU
	EndGlobalSection
EndGlobal
